
Microsoft Visual Studio Solution File, Format Version 12.00
# Visual Studio Version 16
VisualStudioVersion = 25.0.1703.6
MinimumVisualStudioVersion = 10.0.40219.1
Project("{FAE04EC0-301F-11D3-BF4B-00C04F79EFBC}") = "PetrolStation", "PetrolStation\PetrolStation.csproj", "{137A6F85-00E7-4099-87AD-FEF2B12E15CE}"
EndProject
Global
	GlobalSection(SolutionConfigurationPlatforms) = preSolution
		Debug|Any CPU = Debug|Any CPU
		Release|Any CPU = Release|Any CPU
	EndGlobalSection
	GlobalSection(ProjectConfigurationPlatforms) = postSolution
		{137A6F85-00E7-4099-87AD-FEF2B12E15CE}.Debug|Any CPU.ActiveCfg = Debug|Any CPU
		{137A6F85-00E7-4099-87AD-FEF2B12E15CE}.Debug|Any CPU.Build.0 = Debug|Any CPU
		{137A6F85-00E7-4099-87AD-FEF2B12E15CE}.Release|Any CPU.ActiveCfg = Release|Any CPU
		{137A6F85-00E7-4099-87AD-FEF2B12E15CE}.Release|Any CPU.Build.0 = Release|Any CPU
	EndGlobalSection
	GlobalSection(SolutionProperties) = preSolution
		HideSolutionNode = FALSE
	EndGlobalSection
	GlobalSection(ExtensibilityGlobals) = postSolution
		SolutionGuid = {159E995D-4E52-4699-AAB3-B7EDAD531989}
	EndGlobalSection
EndGlobal
